// !$*UTF8*$!
{
	archiveVersion = 1;
	classes = {
	};
	objectVersion = 46;
	objects = {

/* Begin PBXBuildFile section */
		8BF8274F1C07104400C52E5D /* AppDelegate.swift in Sources */ = {isa = PBXBuildFile; fileRef = 8BF8274E1C07104400C52E5D /* AppDelegate.swift */; };
		8BF827511C07104400C52E5D /* ViewController.swift in Sources */ = {isa = PBXBuildFile; fileRef = 8BF827501C07104400C52E5D /* ViewController.swift */; };
		8BF827541C07104400C52E5D /* Main.storyboard in Resources */ = {isa = PBXBuildFile; fileRef = 8BF827521C07104400C52E5D /* Main.storyboard */; };
		8BF827561C07104400C52E5D /* Assets.xcassets in Resources */ = {isa = PBXBuildFile; fileRef = 8BF827551C07104400C52E5D /* Assets.xcassets */; };
		8BF827591C07104400C52E5D /* LaunchScreen.storyboard in Resources */ = {isa = PBXBuildFile; fileRef = 8BF827571C07104400C52E5D /* LaunchScreen.storyboard */; };
		8BF827641C07104400C52E5D /* AmpedTests.swift in Sources */ = {isa = PBXBuildFile; fileRef = 8BF827631C07104400C52E5D /* AmpedTests.swift */; };
		8BF8276F1C07104400C52E5D /* AmpedUITests.swift in Sources */ = {isa = PBXBuildFile; fileRef = 8BF8276E1C07104400C52E5D /* AmpedUITests.swift */; };
/* End PBXBuildFile section */

/* Begin PBXContainerItemProxy section */
		8BF827601C07104400C52E5D /* PBXContainerItemProxy */ = {
			isa = PBXContainerItemProxy;
			containerPortal = 8BF827431C07104400C52E5D /* Project object */;
			proxyType = 1;
			remoteGlobalIDString = 8BF8274A1C07104400C52E5D;
			remoteInfo = Amped;
		};
		8BF8276B1C07104400C52E5D /* PBXContainerItemProxy */ = {
			isa = PBXContainerItemProxy;
			containerPortal = 8BF827431C07104400C52E5D /* Project object */;
			proxyType = 1;
			remoteGlobalIDString = 8BF8274A1C07104400C52E5D;
			remoteInfo = Amped;
		};
/* End PBXContainerItemProxy section */

/* Begin PBXFileReference section */
		8BF8274B1C07104400C52E5D /* Amped.app */ = {isa = PBXFileReference; explicitFileType = wrapper.application; includeInIndex = 0; path = Amped.app; sourceTree = BUILT_PRODUCTS_DIR; };
		8BF8274E1C07104400C52E5D /* AppDelegate.swift */ = {isa = PBXFileReference; lastKnownFileType = sourcecode.swift; path = AppDelegate.swift; sourceTree = "<group>"; };
		8BF827501C07104400C52E5D /* ViewController.swift */ = {isa = PBXFileReference; lastKnownFileType = sourcecode.swift; path = ViewController.swift; sourceTree = "<group>"; };
		8BF827531C07104400C52E5D /* Base */ = {isa = PBXFileReference; lastKnownFileType = file.storyboard; name = Base; path = Base.lproj/Main.storyboard; sourceTree = "<group>"; };
		8BF827551C07104400C52E5D /* Assets.xcassets */ = {isa = PBXFileReference; lastKnownFileType = folder.assetcatalog; path = Assets.xcassets; sourceTree = "<group>"; };
		8BF827581C07104400C52E5D /* Base */ = {isa = PBXFileReference; lastKnownFileType = file.storyboard; name = Base; path = Base.lproj/LaunchScreen.storyboard; sourceTree = "<group>"; };
		8BF8275A1C07104400C52E5D /* Info.plist */ = {isa = PBXFileReference; lastKnownFileType = text.plist.xml; path = Info.plist; sourceTree = "<group>"; };
		8BF8275F1C07104400C52E5D /* AmpedTests.xctest */ = {isa = PBXFileReference; explicitFileType = wrapper.cfbundle; includeInIndex = 0; path = AmpedTests.xctest; sourceTree = BUILT_PRODUCTS_DIR; };
		8BF827631C07104400C52E5D /* AmpedTests.swift */ = {isa = PBXFileReference; lastKnownFileType = sourcecode.swift; path = AmpedTests.swift; sourceTree = "<group>"; };
		8BF827651C07104400C52E5D /* Info.plist */ = {isa = PBXFileReference; lastKnownFileType = text.plist.xml; path = Info.plist; sourceTree = "<group>"; };
		8BF8276A1C07104400C52E5D /* AmpedUITests.xctest */ = {isa = PBXFileReference; explicitFileType = wrapper.cfbundle; includeInIndex = 0; path = AmpedUITests.xctest; sourceTree = BUILT_PRODUCTS_DIR; };
		8BF8276E1C07104400C52E5D /* AmpedUITests.swift */ = {isa = PBXFileReference; lastKnownFileType = sourcecode.swift; path = AmpedUITests.swift; sourceTree = "<group>"; };
		8BF827701C07104400C52E5D /* Info.plist */ = {isa = PBXFileReference; lastKnownFileType = text.plist.xml; path = Info.plist; sourceTree = "<group>"; };
/* End PBXFileReference section */

/* Begin PBXFrameworksBuildPhase section */
		8BF827481C07104400C52E5D /* Frameworks */ = {
			isa = PBXFrameworksBuildPhase;
			buildActionMask = 2147483647;
			files = (
			);
			runOnlyForDeploymentPostprocessing = 0;
		};
		8BF8275C1C07104400C52E5D /* Frameworks */ = {
			isa = PBXFrameworksBuildPhase;
			buildActionMask = 2147483647;
			files = (
			);
			runOnlyForDeploymentPostprocessing = 0;
		};
		8BF827671C07104400C52E5D /* Frameworks */ = {
			isa = PBXFrameworksBuildPhase;
			buildActionMask = 2147483647;
			files = (
			);
			runOnlyForDeploymentPostprocessing = 0;
		};
/* End PBXFrameworksBuildPhase section */

/* Begin PBXGroup section */
		8BF827421C07104400C52E5D = {
			isa = PBXGroup;
			children = (
				8BF8274D1C07104400C52E5D /* Amped */,
				8BF827621C07104400C52E5D /* AmpedTests */,
				8BF8276D1C07104400C52E5D /* AmpedUITests */,
				8BF8274C1C07104400C52E5D /* Products */,
			);
			sourceTree = "<group>";
		};
		8BF8274C1C07104400C52E5D /* Products */ = {
			isa = PBXGroup;
			children = (
				8BF8274B1C07104400C52E5D /* Amped.app */,
				8BF8275F1C07104400C52E5D /* AmpedTests.xctest */,
				8BF8276A1C07104400C52E5D /* AmpedUITests.xctest */,
			);
			name = Products;
			sourceTree = "<group>";
		};
		8BF8274D1C07104400C52E5D /* Amped */ = {
			isa = PBXGroup;
			children = (
				8BF8274E1C07104400C52E5D /* AppDelegate.swift */,
				8BF827501C07104400C52E5D /* ViewController.swift */,
				8BF827521C07104400C52E5D /* Main.storyboard */,
				8BF827551C07104400C52E5D /* Assets.xcassets */,
				8BF827571C07104400C52E5D /* LaunchScreen.storyboard */,
				8BF8275A1C07104400C52E5D /* Info.plist */,
			);
			path = Amped;
			sourceTree = "<group>";
		};
		8BF827621C07104400C52E5D /* AmpedTests */ = {
			isa = PBXGroup;
			children = (
				8BF827631C07104400C52E5D /* AmpedTests.swift */,
				8BF827651C07104400C52E5D /* Info.plist */,
			);
			path = AmpedTests;
			sourceTree = "<group>";
		};
		8BF8276D1C07104400C52E5D /* AmpedUITests */ = {
			isa = PBXGroup;
			children = (
				8BF8276E1C07104400C52E5D /* AmpedUITests.swift */,
				8BF827701C07104400C52E5D /* Info.plist */,
			);
			path = AmpedUITests;
			sourceTree = "<group>";
		};
/* End PBXGroup section */

/* Begin PBXNativeTarget section */
		8BF8274A1C07104400C52E5D /* Amped */ = {
			isa = PBXNativeTarget;
			buildConfigurationList = 8BF827731C07104400C52E5D /* Build configuration list for PBXNativeTarget "Amped" */;
			buildPhases = (
				8BF827471C07104400C52E5D /* Sources */,
				8BF827481C07104400C52E5D /* Frameworks */,
				8BF827491C07104400C52E5D /* Resources */,
			);
			buildRules = (
			);
			dependencies = (
			);
			name = Amped;
			productName = Amped;
			productReference = 8BF8274B1C07104400C52E5D /* Amped.app */;
			productType = "com.apple.product-type.application";
		};
		8BF8275E1C07104400C52E5D /* AmpedTests */ = {
			isa = PBXNativeTarget;
			buildConfigurationList = 8BF827761C07104400C52E5D /* Build configuration list for PBXNativeTarget "AmpedTests" */;
			buildPhases = (
				8BF8275B1C07104400C52E5D /* Sources */,
				8BF8275C1C07104400C52E5D /* Frameworks */,
				8BF8275D1C07104400C52E5D /* Resources */,
			);
			buildRules = (
			);
			dependencies = (
				8BF827611C07104400C52E5D /* PBXTargetDependency */,
			);
			name = AmpedTests;
			productName = AmpedTests;
			productReference = 8BF8275F1C07104400C52E5D /* AmpedTests.xctest */;
			productType = "com.apple.product-type.bundle.unit-test";
		};
		8BF827691C07104400C52E5D /* AmpedUITests */ = {
			isa = PBXNativeTarget;
			buildConfigurationList = 8BF827791C07104400C52E5D /* Build configuration list for PBXNativeTarget "AmpedUITests" */;
			buildPhases = (
				8BF827661C07104400C52E5D /* Sources */,
				8BF827671C07104400C52E5D /* Frameworks */,
				8BF827681C07104400C52E5D /* Resources */,
			);
			buildRules = (
			);
			dependencies = (
				8BF8276C1C07104400C52E5D /* PBXTargetDependency */,
			);
			name = AmpedUITests;
			productName = AmpedUITests;
			productReference = 8BF8276A1C07104400C52E5D /* AmpedUITests.xctest */;
			productType = "com.apple.product-type.bundle.ui-testing";
		};
/* End PBXNativeTarget section */

/* Begin PBXProject section */
		8BF827431C07104400C52E5D /* Project object */ = {
			isa = PBXProject;
			attributes = {
				LastUpgradeCheck = 0700;
				ORGANIZATIONNAME = "Charlotte Eagle (i7676522)";
				TargetAttributes = {
					8BF8274A1C07104400C52E5D = {
						CreatedOnToolsVersion = 7.0.1;
					};
					8BF8275E1C07104400C52E5D = {
						CreatedOnToolsVersion = 7.0.1;
						TestTargetID = 8BF8274A1C07104400C52E5D;
					};
					8BF827691C07104400C52E5D = {
						CreatedOnToolsVersion = 7.0.1;
						TestTargetID = 8BF8274A1C07104400C52E5D;
					};
				};
			};
			buildConfigurationList = 8BF827461C07104400C52E5D /* Build configuration list for PBXProject "Amped" */;
			compatibilityVersion = "Xcode 3.2";
			developmentRegion = English;
			hasScannedForEncodings = 0;
			knownRegions = (
				en,
				Base,
			);
			mainGroup = 8BF827421C07104400C52E5D;
			productRefGroup = 8BF8274C1C07104400C52E5D /* Products */;
			projectDirPath = "";
			projectRoot = "";
			targets = (
				8BF8274A1C07104400C52E5D /* Amped */,
				8BF8275E1C07104400C52E5D /* AmpedTests */,
				8BF827691C07104400C52E5D /* AmpedUITests */,
			);
		};
/* End PBXProject section */

/* Begin PBXResourcesBuildPhase section */
		8BF827491C07104400C52E5D /* Resources */ = {
			isa = PBXResourcesBuildPhase;
			buildActionMask = 2147483647;
			files = (
				8BF827591C07104400C52E5D /* LaunchScreen.storyboard in Resources */,
				8BF827561C07104400C52E5D /* Assets.xcassets in Resources */,
				8BF827541C07104400C52E5D /* Main.storyboard in Resources */,
			);
			runOnlyForDeploymentPostprocessing = 0;
		};
		8BF8275D1C07104400C52E5D /* Resources */ = {
			isa = PBXResourcesBuildPhase;
			buildActionMask = 2147483647;
			files = (
			);
			runOnlyForDeploymentPostprocessing = 0;
		};
		8BF827681C07104400C52E5D /* Resources */ = {
			isa = PBXResourcesBuildPhase;
			buildActionMask = 2147483647;
			files = (
			);
			runOnlyForDeploymentPostprocessing = 0;
		};
/* End PBXResourcesBuildPhase section */

/* Begin PBXSourcesBuildPhase section */
		8BF827471C07104400C52E5D /* Sources */ = {
			isa = PBXSourcesBuildPhase;
			buildActionMask = 2147483647;
			files = (
				8BF827511C07104400C52E5D /* ViewController.swift in Sources */,
				8BF8274F1C07104400C52E5D /* AppDelegate.swift in Sources */,
			);
			runOnlyForDeploymentPostprocessing = 0;
		};
		8BF8275B1C07104400C52E5D /* Sources */ = {
			isa = PBXSourcesBuildPhase;
			buildActionMask = 2147483647;
			files = (
				8BF827641C07104400C52E5D /* AmpedTests.swift in Sources */,
			);
			runOnlyForDeploymentPostprocessing = 0;
		};
		8BF827661C07104400C52E5D /* Sources */ = {
			isa = PBXSourcesBuildPhase;
			buildActionMask = 2147483647;
			files = (
				8BF8276F1C07104400C52E5D /* AmpedUITests.swift in Sources */,
			);
			runOnlyForDeploymentPostprocessing = 0;
		};
/* End PBXSourcesBuildPhase section */

/* Begin PBXTargetDependency section */
		8BF827611C07104400C52E5D /* PBXTargetDependency */ = {
			isa = PBXTargetDependency;
			target = 8BF8274A1C07104400C52E5D /* Amped */;
			targetProxy = 8BF827601C07104400C52E5D /* PBXContainerItemProxy */;
		};
		8BF8276C1C07104400C52E5D /* PBXTargetDependency */ = {
			isa = PBXTargetDependency;
			target = 8BF8274A1C07104400C52E5D /* Amped */;
			targetProxy = 8BF8276B1C07104400C52E5D /* PBXContainerItemProxy */;
		};
/* End PBXTargetDependency section */

/* Begin PBXVariantGroup section */
		8BF827521C07104400C52E5D /* Main.storyboard */ = {
			isa = PBXVariantGroup;
			children = (
				8BF827531C07104400C52E5D /* Base */,
			);
			name = Main.storyboard;
			sourceTree = "<group>";
		};
		8BF827571C07104400C52E5D /* LaunchScreen.storyboard */ = {
			isa = PBXVariantGroup;
			children = (
				8BF827581C07104400C52E5D /* Base */,
			);
			name = LaunchScreen.storyboard;
			sourceTree = "<group>";
		};
/* End PBXVariantGroup section */

/* Begin XCBuildConfiguration section */
		8BF827711C07104400C52E5D /* Debug */ = {
			isa = XCBuildConfiguration;
			buildSettings = {
				ALWAYS_SEARCH_USER_PATHS = NO;
				CLANG_CXX_LANGUAGE_STANDARD = "gnu++0x";
				CLANG_CXX_LIBRARY = "libc++";
				CLANG_ENABLE_MODULES = YES;
				CLANG_ENABLE_OBJC_ARC = YES;
				CLANG_WARN_BOOL_CONVERSION = YES;
				CLANG_WARN_CONSTANT_CONVERSION = YES;
				CLANG_WARN_DIRECT_OBJC_ISA_USAGE = YES_ERROR;
				CLANG_WARN_EMPTY_BODY = YES;
				CLANG_WARN_ENUM_CONVERSION = YES;
				CLANG_WARN_INT_CONVERSION = YES;
				CLANG_WARN_OBJC_ROOT_CLASS = YES_ERROR;
				CLANG_WARN_UNREACHABLE_CODE = YES;
				CLANG_WARN__DUPLICATE_METHOD_MATCH = YES;
				"CODE_SIGN_IDENTITY[sdk=iphoneos*]" = "iPhone Developer";
				COPY_PHASE_STRIP = NO;
				DEBUG_INFORMATION_FORMAT = dwarf;
				ENABLE_STRICT_OBJC_MSGSEND = YES;
				ENABLE_TESTABILITY = YES;
				GCC_C_LANGUAGE_STANDARD = gnu99;
				GCC_DYNAMIC_NO_PIC = NO;
				GCC_NO_COMMON_BLOCKS = YES;
				GCC_OPTIMIZATION_LEVEL = 0;
				GCC_PREPROCESSOR_DEFINITIONS = (
					"DEBUG=1",
					"$(inherited)",
				);
				GCC_WARN_64_TO_32_BIT_CONVERSION = YES;
				GCC_WARN_ABOUT_RETURN_TYPE = YES_ERROR;
				GCC_WARN_UNDECLARED_SELECTOR = YES;
				GCC_WARN_UNINITIALIZED_AUTOS = YES_AGGRESSIVE;
				GCC_WARN_UNUSED_FUNCTION = YES;
				GCC_WARN_UNUSED_VARIABLE = YES;
				IPHONEOS_DEPLOYMENT_TARGET = 9.0;
				MTL_ENABLE_DEBUG_INFO = YES;
				ONLY_ACTIVE_ARCH = YES;
				SDKROOT = iphoneos;
				SWIFT_OPTIMIZATION_LEVEL = "-Onone";
				TARGETED_DEVICE_FAMILY = "1,2";
			};
			name = Debug;
		};
		8BF827721C07104400C52E5D /* Release */ = {
			isa = XCBuildConfiguration;
			buildSettings = {
				ALWAYS_SEARCH_USER_PATHS = NO;
				CLANG_CXX_LANGUAGE_STANDARD = "gnu++0x";
				CLANG_CXX_LIBRARY = "libc++";
				CLANG_ENABLE_MODULES = YES;
				CLANG_ENABLE_OBJC_ARC = YES;
				CLANG_WARN_BOOL_CONVERSION = YES;
				CLANG_WARN_CONSTANT_CONVERSION = YES;
				CLANG_WARN_DIRECT_OBJC_ISA_USAGE = YES_ERROR;
				CLANG_WARN_EMPTY_BODY = YES;
				CLANG_WARN_ENUM_CONVERSION = YES;
				CLANG_WARN_INT_CONVERSION = YES;
				CLANG_WARN_OBJC_ROOT_CLASS = YES_ERROR;
				CLANG_WARN_UNREACHABLE_CODE = YES;
				CLANG_WARN__DUPLICATE_METHOD_MATCH = YES;
				"CODE_SIGN_IDENTITY[sdk=iphoneos*]" = "iPhone Developer";
				COPY_PHASE_STRIP = NO;
				DEBUG_INFORMATION_FORMAT = "dwarf-with-dsym";
				ENABLE_NS_ASSERTIONS = NO;
				ENABLE_STRICT_OBJC_MSGSEND = YES;
				GCC_C_LANGUAGE_STANDARD = gnu99;
				GCC_NO_COMMON_BLOCKS = YES;
				GCC_WARN_64_TO_32_BIT_CONVERSION = YES;
				GCC_WARN_ABOUT_RETURN_TYPE = YES_ERROR;
				GCC_WARN_UNDECLARED_SELECTOR = YES;
				GCC_WARN_UNINITIALIZED_AUTOS = YES_AGGRESSIVE;
				GCC_WARN_UNUSED_FUNCTION = YES;
				GCC_WARN_UNUSED_VARIABLE = YES;
				IPHONEOS_DEPLOYMENT_TARGET = 9.0;
				MTL_ENABLE_DEBUG_INFO = NO;
				SDKROOT = iphoneos;
				TARGETED_DEVICE_FAMILY = "1,2";
				VALIDATE_PRODUCT = YES;
			};
			name = Release;
		};
		8BF827741C07104400C52E5D /* Debug */ = {
			isa = XCBuildConfiguration;
			buildSettings = {
				ASSETCATALOG_COMPILER_APPICON_NAME = AppIcon;
				INFOPLIST_FILE = Amped/Info.plist;
				LD_RUNPATH_SEARCH_PATHS = "$(inherited) @executable_path/Frameworks";
				PRODUCT_BUNDLE_IDENTIFIER = com.charlotteeagle.Amped;
				PRODUCT_NAME = "$(TARGET_NAME)";
			};
			name = Debug;
		};
		8BF827751C07104400C52E5D /* Release */ = {
			isa = XCBuildConfiguration;
			buildSettings = {
				ASSETCATALOG_COMPILER_APPICON_NAME = AppIcon;
				INFOPLIST_FILE = Amped/Info.plist;
				LD_RUNPATH_SEARCH_PATHS = "$(inherited) @executable_path/Frameworks";
				PRODUCT_BUNDLE_IDENTIFIER = com.charlotteeagle.Amped;
				PRODUCT_NAME = "$(TARGET_NAME)";
			};
			name = Release;
		};
		8BF827771C07104400C52E5D /* Debug */ = {
			isa = XCBuildConfiguration;
			buildSettings = {
				BUNDLE_LOADER = "$(TEST_HOST)";
				INFOPLIST_FILE = AmpedTests/Info.plist;
				LD_RUNPATH_SEARCH_PATHS = "$(inherited) @executable_path/Frameworks @loader_path/Frameworks";
				PRODUCT_BUNDLE_IDENTIFIER = com.charlotteeagle.AmpedTests;
				PRODUCT_NAME = "$(TARGET_NAME)";
				TEST_HOST = "$(BUILT_PRODUCTS_DIR)/Amped.app/Amped";
			};
			name = Debug;
		};
		8BF827781C07104400C52E5D /* Release */ = {
			isa = XCBuildConfiguration;
			buildSettings = {
				BUNDLE_LOADER = "$(TEST_HOST)";
				INFOPLIST_FILE = AmpedTests/Info.plist;
				LD_RUNPATH_SEARCH_PATHS = "$(inherited) @executable_path/Frameworks @loader_path/Frameworks";
				PRODUCT_BUNDLE_IDENTIFIER = com.charlotteeagle.AmpedTests;
				PRODUCT_NAME = "$(TARGET_NAME)";
				TEST_HOST = "$(BUILT_PRODUCTS_DIR)/Amped.app/Amped";
			};
			name = Release;
		};
		8BF8277A1C07104400C52E5D /* Debug */ = {
			isa = XCBuildConfiguration;
			buildSettings = {
				INFOPLIST_FILE = AmpedUITests/Info.plist;
				LD_RUNPATH_SEARCH_PATHS = "$(inherited) @executable_path/Frameworks @loader_path/Frameworks";
				PRODUCT_BUNDLE_IDENTIFIER = com.charlotteeagle.AmpedUITests;
				PRODUCT_NAME = "$(TARGET_NAME)";
				TEST_TARGET_NAME = Amped;
				USES_XCTRUNNER = YES;
			};
			name = Debug;
		};
		8BF8277B1C07104400C52E5D /* Release */ = {
			isa = XCBuildConfiguration;
			buildSettings = {
				INFOPLIST_FILE = AmpedUITests/Info.plist;
				LD_RUNPATH_SEARCH_PATHS = "$(inherited) @executable_path/Frameworks @loader_path/Frameworks";
				PRODUCT_BUNDLE_IDENTIFIER = com.charlotteeagle.AmpedUITests;
				PRODUCT_NAME = "$(TARGET_NAME)";
				TEST_TARGET_NAME = Amped;
				USES_XCTRUNNER = YES;
			};
			name = Release;
		};
/* End XCBuildConfiguration section */

/* Begin XCConfigurationList section */
		8BF827461C07104400C52E5D /* Build configuration list for PBXProject "Amped" */ = {
			isa = XCConfigurationList;
			buildConfigurations = (
				8BF827711C07104400C52E5D /* Debug */,
				8BF827721C07104400C52E5D /* Release */,
			);
			defaultConfigurationIsVisible = 0;
			defaultConfigurationName = Release;
		};
		8BF827731C07104400C52E5D /* Build configuration list for PBXNativeTarget "Amped" */ = {
			isa = XCConfigurationList;
			buildConfigurations = (
				8BF827741C07104400C52E5D /* Debug */,
				8BF827751C07104400C52E5D /* Release */,
			);
			defaultConfigurationIsVisible = 0;
		};
		8BF827761C07104400C52E5D /* Build configuration list for PBXNativeTarget "AmpedTests" */ = {
			isa = XCConfigurationList;
			buildConfigurations = (
				8BF827771C07104400C52E5D /* Debug */,
				8BF827781C07104400C52E5D /* Release */,
			);
			defaultConfigurationIsVisible = 0;
		};
		8BF827791C07104400C52E5D /* Build configuration list for PBXNativeTarget "AmpedUITests" */ = {
			isa = XCConfigurationList;
			buildConfigurations = (
				8BF8277A1C07104400C52E5D /* Debug */,
				8BF8277B1C07104400C52E5D /* Release */,
			);
			defaultConfigurationIsVisible = 0;
		};
/* End XCConfigurationList section */
	};
	rootObject = 8BF827431C07104400C52E5D /* Project object */;
}
